// !$*UTF8*$!
{
	archiveVersion = 1;
	classes = {
	};
	objectVersion = 50;
	objects = {

/* Begin PBXBuildFile section */
		6455D7BB23A18CB6000E4F4C /* NoIdentityAttributesStrategy.swift in Sources */ = {isa = PBXBuildFile; fileRef = 6455D7BA23A18CB6000E4F4C /* NoIdentityAttributesStrategy.swift */; };
		6455D7BD23A18CC6000E4F4C /* SingleIdentityAttributeStrategy.swift in Sources */ = {isa = PBXBuildFile; fileRef = 6455D7BC23A18CC6000E4F4C /* SingleIdentityAttributeStrategy.swift */; };
		6455D7BF23A18CD7000E4F4C /* CompositeIdentityAttributeStrategy.swift in Sources */ = {isa = PBXBuildFile; fileRef = 6455D7BE23A18CD7000E4F4C /* CompositeIdentityAttributeStrategy.swift */; };
		6455D7C223A28016000E4F4C /* CoreDataEncoder.swift in Sources */ = {isa = PBXBuildFile; fileRef = 6455D7C123A28016000E4F4C /* CoreDataEncoder.swift */; };
		64611C7123A2E5CD00F407CE /* NSManagedObject+Helpers.swift in Sources */ = {isa = PBXBuildFile; fileRef = 64611C7023A2E5CD00F407CE /* NSManagedObject+Helpers.swift */; };
		646E9853239F057800D3BC6A /* IdentityAttribute.swift in Sources */ = {isa = PBXBuildFile; fileRef = 646E9852239F057800D3BC6A /* IdentityAttribute.swift */; };
		646E9855239F93F100D3BC6A /* personWithNil.json in Resources */ = {isa = PBXBuildFile; fileRef = 646E9854239F93F100D3BC6A /* personWithNil.json */; };
		646E9857239FF96000D3BC6A /* nestedPerson.json in Resources */ = {isa = PBXBuildFile; fileRef = 646E9856239FF96000D3BC6A /* nestedPerson.json */; };
		646E9859239FFA5B00D3BC6A /* Many.swift in Sources */ = {isa = PBXBuildFile; fileRef = 646E9858239FFA5B00D3BC6A /* Many.swift */; };
		649E746C239C28D600962EE1 /* Coredatable.h in Headers */ = {isa = PBXBuildFile; fileRef = 649E746A239C28D600962EE1 /* Coredatable.h */; settings = {ATTRIBUTES = (Public, ); }; };
		649E747B239C2A0700962EE1 /* CodableTests.swift in Sources */ = {isa = PBXBuildFile; fileRef = 649E747A239C2A0700962EE1 /* CodableTests.swift */; };
		649E747D239C2A0700962EE1 /* Coredatable.framework in Frameworks */ = {isa = PBXBuildFile; fileRef = 649E7467239C28D600962EE1 /* Coredatable.framework */; };
		649E7486239C2A2800962EE1 /* Model.xcdatamodeld in Sources */ = {isa = PBXBuildFile; fileRef = 649E7484239C2A2800962EE1 /* Model.xcdatamodeld */; };
		649E7488239C2A7700962EE1 /* Model.swift in Sources */ = {isa = PBXBuildFile; fileRef = 649E7487239C2A7700962EE1 /* Model.swift */; };
		649E748F239C2BCC00962EE1 /* Data+Extension.swift in Sources */ = {isa = PBXBuildFile; fileRef = 649E748E239C2BCC00962EE1 /* Data+Extension.swift */; };
		649E7491239C30B100962EE1 /* CoreDataCodable.swift in Sources */ = {isa = PBXBuildFile; fileRef = 649E7490239C30B100962EE1 /* CoreDataCodable.swift */; };
		649E74A1239C344300962EE1 /* NSManagedObject+Coredatable.h in Headers */ = {isa = PBXBuildFile; fileRef = 649E749F239C344300962EE1 /* NSManagedObject+Coredatable.h */; settings = {ATTRIBUTES = (Public, ); }; };
		649E74A2239C344300962EE1 /* NSManagedObject+Coredatable.m in Sources */ = {isa = PBXBuildFile; fileRef = 649E74A0239C344300962EE1 /* NSManagedObject+Coredatable.m */; };
		649E74AE239C398400962EE1 /* Encodable+Extension.swift in Sources */ = {isa = PBXBuildFile; fileRef = 649E74AA239C398400962EE1 /* Encodable+Extension.swift */; };
		649E74AF239C398400962EE1 /* Decodable+Extension.swift in Sources */ = {isa = PBXBuildFile; fileRef = 649E74AB239C398400962EE1 /* Decodable+Extension.swift */; };
		649E74B0239C398400962EE1 /* StringCodingKey.swift in Sources */ = {isa = PBXBuildFile; fileRef = 649E74AC239C398400962EE1 /* StringCodingKey.swift */; };
		649E74B1239C398400962EE1 /* Decoder+ManagedObjectContext.swift in Sources */ = {isa = PBXBuildFile; fileRef = 649E74AD239C398400962EE1 /* Decoder+ManagedObjectContext.swift */; };
		649E74B9239C5F7C00962EE1 /* personSnakeCase.json in Resources */ = {isa = PBXBuildFile; fileRef = 649E74B6239C5F7C00962EE1 /* personSnakeCase.json */; };
		649E74BA239C5F7C00962EE1 /* personDifferentKey.json in Resources */ = {isa = PBXBuildFile; fileRef = 649E74B7239C5F7C00962EE1 /* personDifferentKey.json */; };
		649E74BB239C5F7C00962EE1 /* person.json in Resources */ = {isa = PBXBuildFile; fileRef = 649E74B8239C5F7C00962EE1 /* person.json */; };
		649E74BD239D49CF00962EE1 /* CoreDataCodingKey.swift in Sources */ = {isa = PBXBuildFile; fileRef = 649E74BC239D49CF00962EE1 /* CoreDataCodingKey.swift */; };
		649E74BF239ED0B900962EE1 /* NSManagedObject+Decodable.swift in Sources */ = {isa = PBXBuildFile; fileRef = 649E74BE239ED0B900962EE1 /* NSManagedObject+Decodable.swift */; };
		649E74C1239EED7300962EE1 /* CoreDataDecodable.swift in Sources */ = {isa = PBXBuildFile; fileRef = 649E74C0239EED7300962EE1 /* CoreDataDecodable.swift */; };
		649E74C3239EEF7000962EE1 /* CoreDataEncodable.swift in Sources */ = {isa = PBXBuildFile; fileRef = 649E74C2239EEF7000962EE1 /* CoreDataEncodable.swift */; };
		649E74C5239F005900962EE1 /* CoreDataDecoder.swift in Sources */ = {isa = PBXBuildFile; fileRef = 649E74C4239F005900962EE1 /* CoreDataDecoder.swift */; };
/* End PBXBuildFile section */

/* Begin PBXContainerItemProxy section */
		649E747E239C2A0700962EE1 /* PBXContainerItemProxy */ = {
			isa = PBXContainerItemProxy;
			containerPortal = 649E745E239C28D600962EE1 /* Project object */;
			proxyType = 1;
			remoteGlobalIDString = 649E7466239C28D600962EE1;
			remoteInfo = "CO-re-DA-ta-BLE";
		};
/* End PBXContainerItemProxy section */

/* Begin PBXFileReference section */
		6455D7BA23A18CB6000E4F4C /* NoIdentityAttributesStrategy.swift */ = {isa = PBXFileReference; lastKnownFileType = sourcecode.swift; path = NoIdentityAttributesStrategy.swift; sourceTree = "<group>"; };
		6455D7BC23A18CC6000E4F4C /* SingleIdentityAttributeStrategy.swift */ = {isa = PBXFileReference; lastKnownFileType = sourcecode.swift; path = SingleIdentityAttributeStrategy.swift; sourceTree = "<group>"; };
		6455D7BE23A18CD7000E4F4C /* CompositeIdentityAttributeStrategy.swift */ = {isa = PBXFileReference; lastKnownFileType = sourcecode.swift; path = CompositeIdentityAttributeStrategy.swift; sourceTree = "<group>"; };
		6455D7C123A28016000E4F4C /* CoreDataEncoder.swift */ = {isa = PBXFileReference; lastKnownFileType = sourcecode.swift; path = CoreDataEncoder.swift; sourceTree = "<group>"; };
		64611C7023A2E5CD00F407CE /* NSManagedObject+Helpers.swift */ = {isa = PBXFileReference; lastKnownFileType = sourcecode.swift; path = "NSManagedObject+Helpers.swift"; sourceTree = "<group>"; };
		646E9852239F057800D3BC6A /* IdentityAttribute.swift */ = {isa = PBXFileReference; lastKnownFileType = sourcecode.swift; path = IdentityAttribute.swift; sourceTree = "<group>"; };
		646E9854239F93F100D3BC6A /* personWithNil.json */ = {isa = PBXFileReference; fileEncoding = 4; lastKnownFileType = text.json; path = personWithNil.json; sourceTree = "<group>"; };
		646E9856239FF96000D3BC6A /* nestedPerson.json */ = {isa = PBXFileReference; fileEncoding = 4; lastKnownFileType = text.json; path = nestedPerson.json; sourceTree = "<group>"; };
		646E9858239FFA5B00D3BC6A /* Many.swift */ = {isa = PBXFileReference; fileEncoding = 4; lastKnownFileType = sourcecode.swift; path = Many.swift; sourceTree = "<group>"; };
		649E7467239C28D600962EE1 /* Coredatable.framework */ = {isa = PBXFileReference; explicitFileType = wrapper.framework; includeInIndex = 0; path = Coredatable.framework; sourceTree = BUILT_PRODUCTS_DIR; };
		649E746A239C28D600962EE1 /* Coredatable.h */ = {isa = PBXFileReference; lastKnownFileType = sourcecode.c.h; path = Coredatable.h; sourceTree = "<group>"; };
		649E746B239C28D600962EE1 /* Info.plist */ = {isa = PBXFileReference; lastKnownFileType = text.plist.xml; path = Info.plist; sourceTree = "<group>"; };
		649E7478239C2A0700962EE1 /* Coredatable-Tests.xctest */ = {isa = PBXFileReference; explicitFileType = wrapper.cfbundle; includeInIndex = 0; path = "Coredatable-Tests.xctest"; sourceTree = BUILT_PRODUCTS_DIR; };
		649E747A239C2A0700962EE1 /* CodableTests.swift */ = {isa = PBXFileReference; lastKnownFileType = sourcecode.swift; path = CodableTests.swift; sourceTree = "<group>"; };
		649E747C239C2A0700962EE1 /* Info.plist */ = {isa = PBXFileReference; lastKnownFileType = text.plist.xml; path = Info.plist; sourceTree = "<group>"; };
		649E7485239C2A2800962EE1 /* Model.xcdatamodel */ = {isa = PBXFileReference; lastKnownFileType = wrapper.xcdatamodel; path = Model.xcdatamodel; sourceTree = "<group>"; };
		649E7487239C2A7700962EE1 /* Model.swift */ = {isa = PBXFileReference; lastKnownFileType = sourcecode.swift; path = Model.swift; sourceTree = "<group>"; };
		649E748E239C2BCC00962EE1 /* Data+Extension.swift */ = {isa = PBXFileReference; lastKnownFileType = sourcecode.swift; path = "Data+Extension.swift"; sourceTree = "<group>"; };
		649E7490239C30B100962EE1 /* CoreDataCodable.swift */ = {isa = PBXFileReference; lastKnownFileType = sourcecode.swift; path = CoreDataCodable.swift; sourceTree = "<group>"; };
		649E749F239C344300962EE1 /* NSManagedObject+Coredatable.h */ = {isa = PBXFileReference; lastKnownFileType = sourcecode.c.h; path = "NSManagedObject+Coredatable.h"; sourceTree = "<group>"; };
		649E74A0239C344300962EE1 /* NSManagedObject+Coredatable.m */ = {isa = PBXFileReference; lastKnownFileType = sourcecode.c.objc; path = "NSManagedObject+Coredatable.m"; sourceTree = "<group>"; };
		649E74AA239C398400962EE1 /* Encodable+Extension.swift */ = {isa = PBXFileReference; fileEncoding = 4; lastKnownFileType = sourcecode.swift; path = "Encodable+Extension.swift"; sourceTree = "<group>"; };
		649E74AB239C398400962EE1 /* Decodable+Extension.swift */ = {isa = PBXFileReference; fileEncoding = 4; lastKnownFileType = sourcecode.swift; path = "Decodable+Extension.swift"; sourceTree = "<group>"; };
		649E74AC239C398400962EE1 /* StringCodingKey.swift */ = {isa = PBXFileReference; fileEncoding = 4; lastKnownFileType = sourcecode.swift; path = StringCodingKey.swift; sourceTree = "<group>"; };
		649E74AD239C398400962EE1 /* Decoder+ManagedObjectContext.swift */ = {isa = PBXFileReference; fileEncoding = 4; lastKnownFileType = sourcecode.swift; path = "Decoder+ManagedObjectContext.swift"; sourceTree = "<group>"; };
		649E74B6239C5F7C00962EE1 /* personSnakeCase.json */ = {isa = PBXFileReference; fileEncoding = 4; lastKnownFileType = text.json; path = personSnakeCase.json; sourceTree = "<group>"; };
		649E74B7239C5F7C00962EE1 /* personDifferentKey.json */ = {isa = PBXFileReference; fileEncoding = 4; lastKnownFileType = text.json; path = personDifferentKey.json; sourceTree = "<group>"; };
		649E74B8239C5F7C00962EE1 /* person.json */ = {isa = PBXFileReference; fileEncoding = 4; lastKnownFileType = text.json; path = person.json; sourceTree = "<group>"; };
		649E74BC239D49CF00962EE1 /* CoreDataCodingKey.swift */ = {isa = PBXFileReference; lastKnownFileType = sourcecode.swift; path = CoreDataCodingKey.swift; sourceTree = "<group>"; };
		649E74BE239ED0B900962EE1 /* NSManagedObject+Decodable.swift */ = {isa = PBXFileReference; lastKnownFileType = sourcecode.swift; path = "NSManagedObject+Decodable.swift"; sourceTree = "<group>"; };
		649E74C0239EED7300962EE1 /* CoreDataDecodable.swift */ = {isa = PBXFileReference; lastKnownFileType = sourcecode.swift; path = CoreDataDecodable.swift; sourceTree = "<group>"; };
		649E74C2239EEF7000962EE1 /* CoreDataEncodable.swift */ = {isa = PBXFileReference; lastKnownFileType = sourcecode.swift; path = CoreDataEncodable.swift; sourceTree = "<group>"; };
		649E74C4239F005900962EE1 /* CoreDataDecoder.swift */ = {isa = PBXFileReference; lastKnownFileType = sourcecode.swift; path = CoreDataDecoder.swift; sourceTree = "<group>"; };
/* End PBXFileReference section */

/* Begin PBXFrameworksBuildPhase section */
		649E7464239C28D600962EE1 /* Frameworks */ = {
			isa = PBXFrameworksBuildPhase;
			buildActionMask = 2147483647;
			files = (
			);
			runOnlyForDeploymentPostprocessing = 0;
		};
		649E7475239C2A0700962EE1 /* Frameworks */ = {
			isa = PBXFrameworksBuildPhase;
			buildActionMask = 2147483647;
			files = (
				649E747D239C2A0700962EE1 /* Coredatable.framework in Frameworks */,
			);
			runOnlyForDeploymentPostprocessing = 0;
		};
/* End PBXFrameworksBuildPhase section */

/* Begin PBXGroup section */
		6455D7C023A27D73000E4F4C /* Strategies */ = {
			isa = PBXGroup;
			children = (
				6455D7BA23A18CB6000E4F4C /* NoIdentityAttributesStrategy.swift */,
				6455D7BC23A18CC6000E4F4C /* SingleIdentityAttributeStrategy.swift */,
				6455D7BE23A18CD7000E4F4C /* CompositeIdentityAttributeStrategy.swift */,
			);
			path = Strategies;
			sourceTree = "<group>";
		};
		649E745D239C28D600962EE1 = {
			isa = PBXGroup;
			children = (
				649E7469239C28D600962EE1 /* Coredatable */,
				649E7479239C2A0700962EE1 /* Coredatable-Tests */,
				649E7468239C28D600962EE1 /* Products */,
			);
			sourceTree = "<group>";
		};
		649E7468239C28D600962EE1 /* Products */ = {
			isa = PBXGroup;
			children = (
				649E7467239C28D600962EE1 /* Coredatable.framework */,
				649E7478239C2A0700962EE1 /* Coredatable-Tests.xctest */,
			);
			name = Products;
			sourceTree = "<group>";
		};
		649E7469239C28D600962EE1 /* Coredatable */ = {
			isa = PBXGroup;
			children = (
				649E746A239C28D600962EE1 /* Coredatable.h */,
				649E746B239C28D600962EE1 /* Info.plist */,
				649E7496239C31E700962EE1 /* Protocols */,
				649E74C6239F03C600962EE1 /* Helpers */,
				649E749A239C336E00962EE1 /* Internal */,
			);
			path = Coredatable;
			sourceTree = "<group>";
		};
		649E7479239C2A0700962EE1 /* Coredatable-Tests */ = {
			isa = PBXGroup;
			children = (
				649E7489239C2B1000962EE1 /* Tests */,
				649E748D239C2B9200962EE1 /* Helpers */,
				649E7483239C2A1100962EE1 /* Model */,
				649E748A239C2B1700962EE1 /* json */,
				649E747C239C2A0700962EE1 /* Info.plist */,
			);
			path = "Coredatable-Tests";
			sourceTree = "<group>";
		};
		649E7483239C2A1100962EE1 /* Model */ = {
			isa = PBXGroup;
			children = (
				649E7484239C2A2800962EE1 /* Model.xcdatamodeld */,
				649E7487239C2A7700962EE1 /* Model.swift */,
			);
			path = Model;
			sourceTree = "<group>";
		};
		649E7489239C2B1000962EE1 /* Tests */ = {
			isa = PBXGroup;
			children = (
				649E747A239C2A0700962EE1 /* CodableTests.swift */,
			);
			path = Tests;
			sourceTree = "<group>";
		};
		649E748A239C2B1700962EE1 /* json */ = {
			isa = PBXGroup;
			children = (
				646E9856239FF96000D3BC6A /* nestedPerson.json */,
				649E74B8239C5F7C00962EE1 /* person.json */,
				646E9854239F93F100D3BC6A /* personWithNil.json */,
				649E74B7239C5F7C00962EE1 /* personDifferentKey.json */,
				649E74B6239C5F7C00962EE1 /* personSnakeCase.json */,
			);
			path = json;
			sourceTree = "<group>";
		};
		649E748D239C2B9200962EE1 /* Helpers */ = {
			isa = PBXGroup;
			children = (
				649E748E239C2BCC00962EE1 /* Data+Extension.swift */,
			);
			path = Helpers;
			sourceTree = "<group>";
		};
		649E7496239C31E700962EE1 /* Protocols */ = {
			isa = PBXGroup;
			children = (
				649E7490239C30B100962EE1 /* CoreDataCodable.swift */,
				649E74C0239EED7300962EE1 /* CoreDataDecodable.swift */,
				649E74C2239EEF7000962EE1 /* CoreDataEncodable.swift */,
			);
			path = Protocols;
			sourceTree = "<group>";
		};
		649E749A239C336E00962EE1 /* Internal */ = {
			isa = PBXGroup;
			children = (
				649E74C4239F005900962EE1 /* CoreDataDecoder.swift */,
				6455D7C123A28016000E4F4C /* CoreDataEncoder.swift */,
				649E74BE239ED0B900962EE1 /* NSManagedObject+Decodable.swift */,
				64611C7023A2E5CD00F407CE /* NSManagedObject+Helpers.swift */,
				649E749F239C344300962EE1 /* NSManagedObject+Coredatable.h */,
				649E74A0239C344300962EE1 /* NSManagedObject+Coredatable.m */,
				6455D7C023A27D73000E4F4C /* Strategies */,
				649E74A9239C398400962EE1 /* CodableExtensions */,
			);
			path = Internal;
			sourceTree = "<group>";
		};
		649E74A9239C398400962EE1 /* CodableExtensions */ = {
			isa = PBXGroup;
			children = (
				649E74AA239C398400962EE1 /* Encodable+Extension.swift */,
				649E74AB239C398400962EE1 /* Decodable+Extension.swift */,
				649E74AC239C398400962EE1 /* StringCodingKey.swift */,
			);
			path = CodableExtensions;
			sourceTree = "<group>";
		};
		649E74C6239F03C600962EE1 /* Helpers */ = {
			isa = PBXGroup;
			children = (
				649E74BC239D49CF00962EE1 /* CoreDataCodingKey.swift */,
				649E74AD239C398400962EE1 /* Decoder+ManagedObjectContext.swift */,
				646E9852239F057800D3BC6A /* IdentityAttribute.swift */,
				646E9858239FFA5B00D3BC6A /* Many.swift */,
			);
			path = Helpers;
			sourceTree = "<group>";
		};
/* End PBXGroup section */

/* Begin PBXHeadersBuildPhase section */
		649E7462239C28D600962EE1 /* Headers */ = {
			isa = PBXHeadersBuildPhase;
			buildActionMask = 2147483647;
			files = (
				649E746C239C28D600962EE1 /* Coredatable.h in Headers */,
				649E74A1239C344300962EE1 /* NSManagedObject+Coredatable.h in Headers */,
			);
			runOnlyForDeploymentPostprocessing = 0;
		};
/* End PBXHeadersBuildPhase section */

/* Begin PBXNativeTarget section */
		649E7466239C28D600962EE1 /* Coredatable */ = {
			isa = PBXNativeTarget;
			buildConfigurationList = 649E746F239C28D600962EE1 /* Build configuration list for PBXNativeTarget "Coredatable" */;
			buildPhases = (
				649E7462239C28D600962EE1 /* Headers */,
				649E7463239C28D600962EE1 /* Sources */,
				649E7464239C28D600962EE1 /* Frameworks */,
				649E7465239C28D600962EE1 /* Resources */,
			);
			buildRules = (
			);
			dependencies = (
			);
			name = Coredatable;
			productName = "CO-re-DA-ta-BLE";
			productReference = 649E7467239C28D600962EE1 /* Coredatable.framework */;
			productType = "com.apple.product-type.framework";
		};
		649E7477239C2A0700962EE1 /* Coredatable-Tests */ = {
			isa = PBXNativeTarget;
			buildConfigurationList = 649E7480239C2A0700962EE1 /* Build configuration list for PBXNativeTarget "Coredatable-Tests" */;
			buildPhases = (
				649E7474239C2A0700962EE1 /* Sources */,
				649E7475239C2A0700962EE1 /* Frameworks */,
				649E7476239C2A0700962EE1 /* Resources */,
			);
			buildRules = (
			);
			dependencies = (
				649E747F239C2A0700962EE1 /* PBXTargetDependency */,
			);
			name = "Coredatable-Tests";
			productName = "CO-re-DA-ta-BLE-Tests";
			productReference = 649E7478239C2A0700962EE1 /* Coredatable-Tests.xctest */;
			productType = "com.apple.product-type.bundle.unit-test";
		};
/* End PBXNativeTarget section */

/* Begin PBXProject section */
		649E745E239C28D600962EE1 /* Project object */ = {
			isa = PBXProject;
			attributes = {
				LastSwiftUpdateCheck = 1120;
				LastUpgradeCheck = 1120;
				ORGANIZATIONNAME = "Manuel García-Estañ";
				TargetAttributes = {
					649E7466239C28D600962EE1 = {
						CreatedOnToolsVersion = 11.2.1;
						LastSwiftMigration = 1120;
					};
					649E7477239C2A0700962EE1 = {
						CreatedOnToolsVersion = 11.2.1;
					};
				};
			};
			buildConfigurationList = 649E7461239C28D600962EE1 /* Build configuration list for PBXProject "Coredatable" */;
			compatibilityVersion = "Xcode 9.3";
			developmentRegion = en;
			hasScannedForEncodings = 0;
			knownRegions = (
				en,
				Base,
			);
			mainGroup = 649E745D239C28D600962EE1;
			productRefGroup = 649E7468239C28D600962EE1 /* Products */;
			projectDirPath = "";
			projectRoot = "";
			targets = (
				649E7466239C28D600962EE1 /* Coredatable */,
				649E7477239C2A0700962EE1 /* Coredatable-Tests */,
			);
		};
/* End PBXProject section */

/* Begin PBXResourcesBuildPhase section */
		649E7465239C28D600962EE1 /* Resources */ = {
			isa = PBXResourcesBuildPhase;
			buildActionMask = 2147483647;
			files = (
			);
			runOnlyForDeploymentPostprocessing = 0;
		};
		649E7476239C2A0700962EE1 /* Resources */ = {
			isa = PBXResourcesBuildPhase;
			buildActionMask = 2147483647;
			files = (
				646E9855239F93F100D3BC6A /* personWithNil.json in Resources */,
				649E74BB239C5F7C00962EE1 /* person.json in Resources */,
				649E74BA239C5F7C00962EE1 /* personDifferentKey.json in Resources */,
				646E9857239FF96000D3BC6A /* nestedPerson.json in Resources */,
				649E74B9239C5F7C00962EE1 /* personSnakeCase.json in Resources */,
			);
			runOnlyForDeploymentPostprocessing = 0;
		};
/* End PBXResourcesBuildPhase section */

/* Begin PBXSourcesBuildPhase section */
		649E7463239C28D600962EE1 /* Sources */ = {
			isa = PBXSourcesBuildPhase;
			buildActionMask = 2147483647;
			files = (
				649E74A2239C344300962EE1 /* NSManagedObject+Coredatable.m in Sources */,
				649E74BD239D49CF00962EE1 /* CoreDataCodingKey.swift in Sources */,
				649E74C5239F005900962EE1 /* CoreDataDecoder.swift in Sources */,
				6455D7BD23A18CC6000E4F4C /* SingleIdentityAttributeStrategy.swift in Sources */,
				649E74AE239C398400962EE1 /* Encodable+Extension.swift in Sources */,
				649E7491239C30B100962EE1 /* CoreDataCodable.swift in Sources */,
				6455D7BB23A18CB6000E4F4C /* NoIdentityAttributesStrategy.swift in Sources */,
				64611C7123A2E5CD00F407CE /* NSManagedObject+Helpers.swift in Sources */,
				649E74C3239EEF7000962EE1 /* CoreDataEncodable.swift in Sources */,
				6455D7BF23A18CD7000E4F4C /* CompositeIdentityAttributeStrategy.swift in Sources */,
				649E74C1239EED7300962EE1 /* CoreDataDecodable.swift in Sources */,
				649E74AF239C398400962EE1 /* Decodable+Extension.swift in Sources */,
				646E9853239F057800D3BC6A /* IdentityAttribute.swift in Sources */,
				649E74B1239C398400962EE1 /* Decoder+ManagedObjectContext.swift in Sources */,
				6455D7C223A28016000E4F4C /* CoreDataEncoder.swift in Sources */,
				649E74BF239ED0B900962EE1 /* NSManagedObject+Decodable.swift in Sources */,
				646E9859239FFA5B00D3BC6A /* Many.swift in Sources */,
				649E74B0239C398400962EE1 /* StringCodingKey.swift in Sources */,
			);
			runOnlyForDeploymentPostprocessing = 0;
		};
		649E7474239C2A0700962EE1 /* Sources */ = {
			isa = PBXSourcesBuildPhase;
			buildActionMask = 2147483647;
			files = (
				649E7488239C2A7700962EE1 /* Model.swift in Sources */,
				649E748F239C2BCC00962EE1 /* Data+Extension.swift in Sources */,
				649E747B239C2A0700962EE1 /* CodableTests.swift in Sources */,
				649E7486239C2A2800962EE1 /* Model.xcdatamodeld in Sources */,
			);
			runOnlyForDeploymentPostprocessing = 0;
		};
/* End PBXSourcesBuildPhase section */

/* Begin PBXTargetDependency section */
		649E747F239C2A0700962EE1 /* PBXTargetDependency */ = {
			isa = PBXTargetDependency;
			target = 649E7466239C28D600962EE1 /* Coredatable */;
			targetProxy = 649E747E239C2A0700962EE1 /* PBXContainerItemProxy */;
		};
/* End PBXTargetDependency section */

/* Begin XCBuildConfiguration section */
		649E746D239C28D600962EE1 /* Debug */ = {
			isa = XCBuildConfiguration;
			buildSettings = {
				ALWAYS_SEARCH_USER_PATHS = NO;
				CLANG_ANALYZER_NONNULL = YES;
				CLANG_ANALYZER_NUMBER_OBJECT_CONVERSION = YES_AGGRESSIVE;
				CLANG_CXX_LANGUAGE_STANDARD = "gnu++14";
				CLANG_CXX_LIBRARY = "libc++";
				CLANG_ENABLE_MODULES = YES;
				CLANG_ENABLE_OBJC_ARC = YES;
				CLANG_ENABLE_OBJC_WEAK = YES;
				CLANG_WARN_BLOCK_CAPTURE_AUTORELEASING = YES;
				CLANG_WARN_BOOL_CONVERSION = YES;
				CLANG_WARN_COMMA = YES;
				CLANG_WARN_CONSTANT_CONVERSION = YES;
				CLANG_WARN_DEPRECATED_OBJC_IMPLEMENTATIONS = YES;
				CLANG_WARN_DIRECT_OBJC_ISA_USAGE = YES_ERROR;
				CLANG_WARN_DOCUMENTATION_COMMENTS = YES;
				CLANG_WARN_EMPTY_BODY = YES;
				CLANG_WARN_ENUM_CONVERSION = YES;
				CLANG_WARN_INFINITE_RECURSION = YES;
				CLANG_WARN_INT_CONVERSION = YES;
				CLANG_WARN_NON_LITERAL_NULL_CONVERSION = YES;
				CLANG_WARN_OBJC_IMPLICIT_RETAIN_SELF = YES;
				CLANG_WARN_OBJC_LITERAL_CONVERSION = YES;
				CLANG_WARN_OBJC_ROOT_CLASS = YES_ERROR;
				CLANG_WARN_RANGE_LOOP_ANALYSIS = YES;
				CLANG_WARN_STRICT_PROTOTYPES = YES;
				CLANG_WARN_SUSPICIOUS_MOVE = YES;
				CLANG_WARN_UNGUARDED_AVAILABILITY = YES_AGGRESSIVE;
				CLANG_WARN_UNREACHABLE_CODE = YES;
				CLANG_WARN__DUPLICATE_METHOD_MATCH = YES;
				COPY_PHASE_STRIP = NO;
				CURRENT_PROJECT_VERSION = 1;
				DEBUG_INFORMATION_FORMAT = dwarf;
				ENABLE_STRICT_OBJC_MSGSEND = YES;
				ENABLE_TESTABILITY = YES;
				GCC_C_LANGUAGE_STANDARD = gnu11;
				GCC_DYNAMIC_NO_PIC = NO;
				GCC_NO_COMMON_BLOCKS = YES;
				GCC_OPTIMIZATION_LEVEL = 0;
				GCC_PREPROCESSOR_DEFINITIONS = (
					"DEBUG=1",
					"$(inherited)",
				);
				GCC_WARN_64_TO_32_BIT_CONVERSION = YES;
				GCC_WARN_ABOUT_RETURN_TYPE = YES_ERROR;
				GCC_WARN_UNDECLARED_SELECTOR = YES;
				GCC_WARN_UNINITIALIZED_AUTOS = YES_AGGRESSIVE;
				GCC_WARN_UNUSED_FUNCTION = YES;
				GCC_WARN_UNUSED_VARIABLE = YES;
				IPHONEOS_DEPLOYMENT_TARGET = 13.2;
				MTL_ENABLE_DEBUG_INFO = INCLUDE_SOURCE;
				MTL_FAST_MATH = YES;
				ONLY_ACTIVE_ARCH = YES;
				SDKROOT = iphoneos;
				SWIFT_ACTIVE_COMPILATION_CONDITIONS = DEBUG;
				SWIFT_OPTIMIZATION_LEVEL = "-Onone";
				VERSIONING_SYSTEM = "apple-generic";
				VERSION_INFO_PREFIX = "";
			};
			name = Debug;
		};
		649E746E239C28D600962EE1 /* Release */ = {
			isa = XCBuildConfiguration;
			buildSettings = {
				ALWAYS_SEARCH_USER_PATHS = NO;
				CLANG_ANALYZER_NONNULL = YES;
				CLANG_ANALYZER_NUMBER_OBJECT_CONVERSION = YES_AGGRESSIVE;
				CLANG_CXX_LANGUAGE_STANDARD = "gnu++14";
				CLANG_CXX_LIBRARY = "libc++";
				CLANG_ENABLE_MODULES = YES;
				CLANG_ENABLE_OBJC_ARC = YES;
				CLANG_ENABLE_OBJC_WEAK = YES;
				CLANG_WARN_BLOCK_CAPTURE_AUTORELEASING = YES;
				CLANG_WARN_BOOL_CONVERSION = YES;
				CLANG_WARN_COMMA = YES;
				CLANG_WARN_CONSTANT_CONVERSION = YES;
				CLANG_WARN_DEPRECATED_OBJC_IMPLEMENTATIONS = YES;
				CLANG_WARN_DIRECT_OBJC_ISA_USAGE = YES_ERROR;
				CLANG_WARN_DOCUMENTATION_COMMENTS = YES;
				CLANG_WARN_EMPTY_BODY = YES;
				CLANG_WARN_ENUM_CONVERSION = YES;
				CLANG_WARN_INFINITE_RECURSION = YES;
				CLANG_WARN_INT_CONVERSION = YES;
				CLANG_WARN_NON_LITERAL_NULL_CONVERSION = YES;
				CLANG_WARN_OBJC_IMPLICIT_RETAIN_SELF = YES;
				CLANG_WARN_OBJC_LITERAL_CONVERSION = YES;
				CLANG_WARN_OBJC_ROOT_CLASS = YES_ERROR;
				CLANG_WARN_RANGE_LOOP_ANALYSIS = YES;
				CLANG_WARN_STRICT_PROTOTYPES = YES;
				CLANG_WARN_SUSPICIOUS_MOVE = YES;
				CLANG_WARN_UNGUARDED_AVAILABILITY = YES_AGGRESSIVE;
				CLANG_WARN_UNREACHABLE_CODE = YES;
				CLANG_WARN__DUPLICATE_METHOD_MATCH = YES;
				COPY_PHASE_STRIP = NO;
				CURRENT_PROJECT_VERSION = 1;
				DEBUG_INFORMATION_FORMAT = "dwarf-with-dsym";
				ENABLE_NS_ASSERTIONS = NO;
				ENABLE_STRICT_OBJC_MSGSEND = YES;
				GCC_C_LANGUAGE_STANDARD = gnu11;
				GCC_NO_COMMON_BLOCKS = YES;
				GCC_WARN_64_TO_32_BIT_CONVERSION = YES;
				GCC_WARN_ABOUT_RETURN_TYPE = YES_ERROR;
				GCC_WARN_UNDECLARED_SELECTOR = YES;
				GCC_WARN_UNINITIALIZED_AUTOS = YES_AGGRESSIVE;
				GCC_WARN_UNUSED_FUNCTION = YES;
				GCC_WARN_UNUSED_VARIABLE = YES;
				IPHONEOS_DEPLOYMENT_TARGET = 13.2;
				MTL_ENABLE_DEBUG_INFO = NO;
				MTL_FAST_MATH = YES;
				SDKROOT = iphoneos;
				SWIFT_COMPILATION_MODE = wholemodule;
				SWIFT_OPTIMIZATION_LEVEL = "-O";
				VALIDATE_PRODUCT = YES;
				VERSIONING_SYSTEM = "apple-generic";
				VERSION_INFO_PREFIX = "";
			};
			name = Release;
		};
		649E7470239C28D600962EE1 /* Debug */ = {
			isa = XCBuildConfiguration;
			buildSettings = {
				CLANG_ENABLE_MODULES = YES;
				CODE_SIGN_STYLE = Automatic;
				DEFINES_MODULE = YES;
				DEVELOPMENT_TEAM = CF864KN2XE;
				DYLIB_COMPATIBILITY_VERSION = 1;
				DYLIB_CURRENT_VERSION = 1;
				DYLIB_INSTALL_NAME_BASE = "@rpath";
				INFOPLIST_FILE = Coredatable/Info.plist;
				INSTALL_PATH = "$(LOCAL_LIBRARY_DIR)/Frameworks";
				LD_RUNPATH_SEARCH_PATHS = (
					"$(inherited)",
					"@executable_path/Frameworks",
					"@loader_path/Frameworks",
				);
				PRODUCT_BUNDLE_IDENTIFIER = com.manuege.coredatable;
				PRODUCT_NAME = "$(TARGET_NAME:c99extidentifier)";
				SKIP_INSTALL = YES;
				SWIFT_OPTIMIZATION_LEVEL = "-Onone";
				SWIFT_VERSION = 5.0;
				TARGETED_DEVICE_FAMILY = "1,2";
			};
			name = Debug;
		};
		649E7471239C28D600962EE1 /* Release */ = {
			isa = XCBuildConfiguration;
			buildSettings = {
				CLANG_ENABLE_MODULES = YES;
				CODE_SIGN_STYLE = Automatic;
				DEFINES_MODULE = YES;
				DEVELOPMENT_TEAM = CF864KN2XE;
				DYLIB_COMPATIBILITY_VERSION = 1;
				DYLIB_CURRENT_VERSION = 1;
				DYLIB_INSTALL_NAME_BASE = "@rpath";
				INFOPLIST_FILE = Coredatable/Info.plist;
				INSTALL_PATH = "$(LOCAL_LIBRARY_DIR)/Frameworks";
				LD_RUNPATH_SEARCH_PATHS = (
					"$(inherited)",
					"@executable_path/Frameworks",
					"@loader_path/Frameworks",
				);
				PRODUCT_BUNDLE_IDENTIFIER = com.manuege.coredatable;
				PRODUCT_NAME = "$(TARGET_NAME:c99extidentifier)";
				SKIP_INSTALL = YES;
				SWIFT_VERSION = 5.0;
				TARGETED_DEVICE_FAMILY = "1,2";
			};
			name = Release;
		};
		649E7481239C2A0700962EE1 /* Debug */ = {
			isa = XCBuildConfiguration;
			buildSettings = {
				CODE_SIGN_STYLE = Automatic;
				DEVELOPMENT_TEAM = CF864KN2XE;
				INFOPLIST_FILE = "Coredatable-Tests/Info.plist";
				LD_RUNPATH_SEARCH_PATHS = (
					"$(inherited)",
					"@executable_path/Frameworks",
					"@loader_path/Frameworks",
				);
				PRODUCT_BUNDLE_IDENTIFIER = com.manuege.coredatableTests;
				PRODUCT_NAME = "$(TARGET_NAME)";
				SWIFT_VERSION = 5.0;
				TARGETED_DEVICE_FAMILY = "1,2";
			};
			name = Debug;
		};
		649E7482239C2A0700962EE1 /* Release */ = {
			isa = XCBuildConfiguration;
			buildSettings = {
				CODE_SIGN_STYLE = Automatic;
				DEVELOPMENT_TEAM = CF864KN2XE;
				INFOPLIST_FILE = "Coredatable-Tests/Info.plist";
				LD_RUNPATH_SEARCH_PATHS = (
					"$(inherited)",
					"@executable_path/Frameworks",
					"@loader_path/Frameworks",
				);
				PRODUCT_BUNDLE_IDENTIFIER = com.manuege.coredatableTests;
				PRODUCT_NAME = "$(TARGET_NAME)";
				SWIFT_VERSION = 5.0;
				TARGETED_DEVICE_FAMILY = "1,2";
			};
			name = Release;
		};
/* End XCBuildConfiguration section */

/* Begin XCConfigurationList section */
		649E7461239C28D600962EE1 /* Build configuration list for PBXProject "Coredatable" */ = {
			isa = XCConfigurationList;
			buildConfigurations = (
				649E746D239C28D600962EE1 /* Debug */,
				649E746E239C28D600962EE1 /* Release */,
			);
			defaultConfigurationIsVisible = 0;
			defaultConfigurationName = Release;
		};
		649E746F239C28D600962EE1 /* Build configuration list for PBXNativeTarget "Coredatable" */ = {
			isa = XCConfigurationList;
			buildConfigurations = (
				649E7470239C28D600962EE1 /* Debug */,
				649E7471239C28D600962EE1 /* Release */,
			);
			defaultConfigurationIsVisible = 0;
			defaultConfigurationName = Release;
		};
		649E7480239C2A0700962EE1 /* Build configuration list for PBXNativeTarget "Coredatable-Tests" */ = {
			isa = XCConfigurationList;
			buildConfigurations = (
				649E7481239C2A0700962EE1 /* Debug */,
				649E7482239C2A0700962EE1 /* Release */,
			);
			defaultConfigurationIsVisible = 0;
			defaultConfigurationName = Release;
		};
/* End XCConfigurationList section */

/* Begin XCVersionGroup section */
		649E7484239C2A2800962EE1 /* Model.xcdatamodeld */ = {
			isa = XCVersionGroup;
			children = (
				649E7485239C2A2800962EE1 /* Model.xcdatamodel */,
			);
			currentVersion = 649E7485239C2A2800962EE1 /* Model.xcdatamodel */;
			path = Model.xcdatamodeld;
			sourceTree = "<group>";
			versionGroupType = wrapper.xcdatamodel;
		};
/* End XCVersionGroup section */
	};
	rootObject = 649E745E239C28D600962EE1 /* Project object */;
}
